// !$*UTF8*$!
{
	archiveVersion = 1;
	classes = {
	};
	objectVersion = 50;
	objects = {

/* Begin PBXBuildFile section */
		FD8212B220BD893300AB9A72 /* Notifications.swift in Sources */ = {isa = PBXBuildFile; fileRef = FDD4569C20BB0F8A00D47D6F /* Notifications.swift */; };
		FDC2F36620B2D75400372E08 /* AppDelegate.swift in Sources */ = {isa = PBXBuildFile; fileRef = FDC2F36520B2D75400372E08 /* AppDelegate.swift */; };
		FDC2F36820B2D75400372E08 /* ListViewController.swift in Sources */ = {isa = PBXBuildFile; fileRef = FDC2F36720B2D75400372E08 /* ListViewController.swift */; };
		FDC2F36B20B2D75400372E08 /* Main.storyboard in Resources */ = {isa = PBXBuildFile; fileRef = FDC2F36920B2D75400372E08 /* Main.storyboard */; };
		FDC2F36D20B2D75600372E08 /* Assets.xcassets in Resources */ = {isa = PBXBuildFile; fileRef = FDC2F36C20B2D75600372E08 /* Assets.xcassets */; };
		FDC2F37020B2D75600372E08 /* LaunchScreen.storyboard in Resources */ = {isa = PBXBuildFile; fileRef = FDC2F36E20B2D75600372E08 /* LaunchScreen.storyboard */; };
		FDC2F37B20B2D75600372E08 /* TrackrTests.swift in Sources */ = {isa = PBXBuildFile; fileRef = FDC2F37A20B2D75600372E08 /* TrackrTests.swift */; };
		FDC2F38620B2D75600372E08 /* TrackrUITests.swift in Sources */ = {isa = PBXBuildFile; fileRef = FDC2F38520B2D75600372E08 /* TrackrUITests.swift */; };
		FDC2F39720B2E53500372E08 /* SQLite.framework in Frameworks */ = {isa = PBXBuildFile; fileRef = FDC2F39620B2E53500372E08 /* SQLite.framework */; };
		FDC2F39B20B2EAD900372E08 /* SQLite.swift in Sources */ = {isa = PBXBuildFile; fileRef = FDC2F39A20B2EAD900372E08 /* SQLite.swift */; };
		FDC2F39D20B2F0A100372E08 /* Location.swift in Sources */ = {isa = PBXBuildFile; fileRef = FDC2F39C20B2F0A100372E08 /* Location.swift */; };
		FDC2F39F20B3028900372E08 /* LocationManager.swift in Sources */ = {isa = PBXBuildFile; fileRef = FDC2F39E20B3028900372E08 /* LocationManager.swift */; };
		FDCADB4120BD6D0200694372 /* GenericFunc.swift in Sources */ = {isa = PBXBuildFile; fileRef = FDCADB4020BD6D0200694372 /* GenericFunc.swift */; };
		FDD4569B20B9F69D00D47D6F /* UserDefaults.swift in Sources */ = {isa = PBXBuildFile; fileRef = FDD4569A20B9F69D00D47D6F /* UserDefaults.swift */; };
		FDFA8B8620BFC92500F45F55 /* Overture.framework in Frameworks */ = {isa = PBXBuildFile; fileRef = FDFA8B8520BFC92500F45F55 /* Overture.framework */; };
		FDFA8B8820BFCCA600F45F55 /* Operators.swift in Sources */ = {isa = PBXBuildFile; fileRef = FDFA8B8720BFCCA600F45F55 /* Operators.swift */; };
/* End PBXBuildFile section */

/* Begin PBXContainerItemProxy section */
		FDC2F37720B2D75600372E08 /* PBXContainerItemProxy */ = {
			isa = PBXContainerItemProxy;
			containerPortal = FDC2F35A20B2D75400372E08 /* Project object */;
			proxyType = 1;
			remoteGlobalIDString = FDC2F36120B2D75400372E08;
			remoteInfo = Trackr;
		};
		FDC2F38220B2D75600372E08 /* PBXContainerItemProxy */ = {
			isa = PBXContainerItemProxy;
			containerPortal = FDC2F35A20B2D75400372E08 /* Project object */;
			proxyType = 1;
			remoteGlobalIDString = FDC2F36120B2D75400372E08;
			remoteInfo = Trackr;
		};
/* End PBXContainerItemProxy section */

/* Begin PBXFileReference section */
		FDC2F36220B2D75400372E08 /* Trackr.app */ = {isa = PBXFileReference; explicitFileType = wrapper.application; includeInIndex = 0; path = Trackr.app; sourceTree = BUILT_PRODUCTS_DIR; };
		FDC2F36520B2D75400372E08 /* AppDelegate.swift */ = {isa = PBXFileReference; lastKnownFileType = sourcecode.swift; path = AppDelegate.swift; sourceTree = "<group>"; };
		FDC2F36720B2D75400372E08 /* ListViewController.swift */ = {isa = PBXFileReference; lastKnownFileType = sourcecode.swift; path = ListViewController.swift; sourceTree = "<group>"; };
		FDC2F36A20B2D75400372E08 /* Base */ = {isa = PBXFileReference; lastKnownFileType = file.storyboard; name = Base; path = Base.lproj/Main.storyboard; sourceTree = "<group>"; };
		FDC2F36C20B2D75600372E08 /* Assets.xcassets */ = {isa = PBXFileReference; lastKnownFileType = folder.assetcatalog; path = Assets.xcassets; sourceTree = "<group>"; };
		FDC2F36F20B2D75600372E08 /* Base */ = {isa = PBXFileReference; lastKnownFileType = file.storyboard; name = Base; path = Base.lproj/LaunchScreen.storyboard; sourceTree = "<group>"; };
		FDC2F37120B2D75600372E08 /* Info.plist */ = {isa = PBXFileReference; lastKnownFileType = text.plist.xml; path = Info.plist; sourceTree = "<group>"; };
		FDC2F37620B2D75600372E08 /* TrackrTests.xctest */ = {isa = PBXFileReference; explicitFileType = wrapper.cfbundle; includeInIndex = 0; path = TrackrTests.xctest; sourceTree = BUILT_PRODUCTS_DIR; };
		FDC2F37A20B2D75600372E08 /* TrackrTests.swift */ = {isa = PBXFileReference; lastKnownFileType = sourcecode.swift; path = TrackrTests.swift; sourceTree = "<group>"; };
		FDC2F37C20B2D75600372E08 /* Info.plist */ = {isa = PBXFileReference; lastKnownFileType = text.plist.xml; path = Info.plist; sourceTree = "<group>"; };
		FDC2F38120B2D75600372E08 /* TrackrUITests.xctest */ = {isa = PBXFileReference; explicitFileType = wrapper.cfbundle; includeInIndex = 0; path = TrackrUITests.xctest; sourceTree = BUILT_PRODUCTS_DIR; };
		FDC2F38520B2D75600372E08 /* TrackrUITests.swift */ = {isa = PBXFileReference; lastKnownFileType = sourcecode.swift; path = TrackrUITests.swift; sourceTree = "<group>"; };
		FDC2F38720B2D75600372E08 /* Info.plist */ = {isa = PBXFileReference; lastKnownFileType = text.plist.xml; path = Info.plist; sourceTree = "<group>"; };
		FDC2F39620B2E53500372E08 /* SQLite.framework */ = {isa = PBXFileReference; lastKnownFileType = wrapper.framework; name = SQLite.framework; path = Carthage/Build/iOS/SQLite.framework; sourceTree = "<group>"; };
		FDC2F39A20B2EAD900372E08 /* SQLite.swift */ = {isa = PBXFileReference; lastKnownFileType = sourcecode.swift; path = SQLite.swift; sourceTree = "<group>"; };
		FDC2F39C20B2F0A100372E08 /* Location.swift */ = {isa = PBXFileReference; lastKnownFileType = sourcecode.swift; path = Location.swift; sourceTree = "<group>"; };
		FDC2F39E20B3028900372E08 /* LocationManager.swift */ = {isa = PBXFileReference; lastKnownFileType = sourcecode.swift; path = LocationManager.swift; sourceTree = "<group>"; };
		FDCADB4020BD6D0200694372 /* GenericFunc.swift */ = {isa = PBXFileReference; fileEncoding = 4; lastKnownFileType = sourcecode.swift; path = GenericFunc.swift; sourceTree = "<group>"; };
		FDD4569A20B9F69D00D47D6F /* UserDefaults.swift */ = {isa = PBXFileReference; lastKnownFileType = sourcecode.swift; path = UserDefaults.swift; sourceTree = "<group>"; };
		FDD4569C20BB0F8A00D47D6F /* Notifications.swift */ = {isa = PBXFileReference; lastKnownFileType = sourcecode.swift; path = Notifications.swift; sourceTree = "<group>"; };
		FDFA8B8520BFC92500F45F55 /* Overture.framework */ = {isa = PBXFileReference; lastKnownFileType = wrapper.framework; name = Overture.framework; path = Carthage/Build/iOS/Overture.framework; sourceTree = "<group>"; };
		FDFA8B8720BFCCA600F45F55 /* Operators.swift */ = {isa = PBXFileReference; lastKnownFileType = sourcecode.swift; path = Operators.swift; sourceTree = "<group>"; };
/* End PBXFileReference section */

/* Begin PBXFrameworksBuildPhase section */
		FDC2F35F20B2D75400372E08 /* Frameworks */ = {
			isa = PBXFrameworksBuildPhase;
			buildActionMask = 2147483647;
			files = (
				FDFA8B8620BFC92500F45F55 /* Overture.framework in Frameworks */,
				FDC2F39720B2E53500372E08 /* SQLite.framework in Frameworks */,
			);
			runOnlyForDeploymentPostprocessing = 0;
		};
		FDC2F37320B2D75600372E08 /* Frameworks */ = {
			isa = PBXFrameworksBuildPhase;
			buildActionMask = 2147483647;
			files = (
			);
			runOnlyForDeploymentPostprocessing = 0;
		};
		FDC2F37E20B2D75600372E08 /* Frameworks */ = {
			isa = PBXFrameworksBuildPhase;
			buildActionMask = 2147483647;
			files = (
			);
			runOnlyForDeploymentPostprocessing = 0;
		};
/* End PBXFrameworksBuildPhase section */

/* Begin PBXGroup section */
		FDC2F35920B2D75400372E08 = {
			isa = PBXGroup;
			children = (
				FDC2F36420B2D75400372E08 /* Trackr */,
				FDC2F37920B2D75600372E08 /* TrackrTests */,
				FDC2F38420B2D75600372E08 /* TrackrUITests */,
				FDC2F36320B2D75400372E08 /* Products */,
				FDFA8B8520BFC92500F45F55 /* Overture.framework */,
				FDC2F39620B2E53500372E08 /* SQLite.framework */,
			);
			sourceTree = "<group>";
		};
		FDC2F36320B2D75400372E08 /* Products */ = {
			isa = PBXGroup;
			children = (
				FDC2F36220B2D75400372E08 /* Trackr.app */,
				FDC2F37620B2D75600372E08 /* TrackrTests.xctest */,
				FDC2F38120B2D75600372E08 /* TrackrUITests.xctest */,
			);
			name = Products;
			sourceTree = "<group>";
		};
		FDC2F36420B2D75400372E08 /* Trackr */ = {
			isa = PBXGroup;
			children = (
				FDC2F36520B2D75400372E08 /* AppDelegate.swift */,
				FDC2F36720B2D75400372E08 /* ListViewController.swift */,
				FDC2F36920B2D75400372E08 /* Main.storyboard */,
				FDC2F36C20B2D75600372E08 /* Assets.xcassets */,
				FDC2F36E20B2D75600372E08 /* LaunchScreen.storyboard */,
				FDC2F37120B2D75600372E08 /* Info.plist */,
				FDC2F39A20B2EAD900372E08 /* SQLite.swift */,
				FDC2F39C20B2F0A100372E08 /* Location.swift */,
				FDC2F39E20B3028900372E08 /* LocationManager.swift */,
				FDD4569C20BB0F8A00D47D6F /* Notifications.swift */,
				FDD4569A20B9F69D00D47D6F /* UserDefaults.swift */,
				FDCADB4020BD6D0200694372 /* GenericFunc.swift */,
				FDFA8B8720BFCCA600F45F55 /* Operators.swift */,
			);
			path = Trackr;
			sourceTree = "<group>";
		};
		FDC2F37920B2D75600372E08 /* TrackrTests */ = {
			isa = PBXGroup;
			children = (
				FDC2F37A20B2D75600372E08 /* TrackrTests.swift */,
				FDC2F37C20B2D75600372E08 /* Info.plist */,
			);
			path = TrackrTests;
			sourceTree = "<group>";
		};
		FDC2F38420B2D75600372E08 /* TrackrUITests */ = {
			isa = PBXGroup;
			children = (
				FDC2F38520B2D75600372E08 /* TrackrUITests.swift */,
				FDC2F38720B2D75600372E08 /* Info.plist */,
			);
			path = TrackrUITests;
			sourceTree = "<group>";
		};
/* End PBXGroup section */

/* Begin PBXNativeTarget section */
		FDC2F36120B2D75400372E08 /* Trackr */ = {
			isa = PBXNativeTarget;
			buildConfigurationList = FDC2F38A20B2D75600372E08 /* Build configuration list for PBXNativeTarget "Trackr" */;
			buildPhases = (
				FDC2F39920B2E64600372E08 /* Run Script: SwiftFormat */,
				FDC2F35E20B2D75400372E08 /* Sources */,
				FDC2F35F20B2D75400372E08 /* Frameworks */,
				FDC2F36020B2D75400372E08 /* Resources */,
				FDC2F39820B2E55600372E08 /* Carthage: Copy Frameworks */,
			);
			buildRules = (
			);
			dependencies = (
			);
			name = Trackr;
			productName = Trackr;
			productReference = FDC2F36220B2D75400372E08 /* Trackr.app */;
			productType = "com.apple.product-type.application";
		};
		FDC2F37520B2D75600372E08 /* TrackrTests */ = {
			isa = PBXNativeTarget;
			buildConfigurationList = FDC2F38D20B2D75600372E08 /* Build configuration list for PBXNativeTarget "TrackrTests" */;
			buildPhases = (
				FDC2F37220B2D75600372E08 /* Sources */,
				FDC2F37320B2D75600372E08 /* Frameworks */,
				FDC2F37420B2D75600372E08 /* Resources */,
			);
			buildRules = (
			);
			dependencies = (
				FDC2F37820B2D75600372E08 /* PBXTargetDependency */,
			);
			name = TrackrTests;
			productName = TrackrTests;
			productReference = FDC2F37620B2D75600372E08 /* TrackrTests.xctest */;
			productType = "com.apple.product-type.bundle.unit-test";
		};
		FDC2F38020B2D75600372E08 /* TrackrUITests */ = {
			isa = PBXNativeTarget;
			buildConfigurationList = FDC2F39020B2D75600372E08 /* Build configuration list for PBXNativeTarget "TrackrUITests" */;
			buildPhases = (
				FDC2F37D20B2D75600372E08 /* Sources */,
				FDC2F37E20B2D75600372E08 /* Frameworks */,
				FDC2F37F20B2D75600372E08 /* Resources */,
			);
			buildRules = (
			);
			dependencies = (
				FDC2F38320B2D75600372E08 /* PBXTargetDependency */,
			);
			name = TrackrUITests;
			productName = TrackrUITests;
			productReference = FDC2F38120B2D75600372E08 /* TrackrUITests.xctest */;
			productType = "com.apple.product-type.bundle.ui-testing";
		};
/* End PBXNativeTarget section */

/* Begin PBXProject section */
		FDC2F35A20B2D75400372E08 /* Project object */ = {
			isa = PBXProject;
			attributes = {
				LastSwiftUpdateCheck = 0930;
				LastUpgradeCheck = 0930;
				ORGANIZATIONNAME = "Jan Dammshäuser";
				TargetAttributes = {
					FDC2F36120B2D75400372E08 = {
						CreatedOnToolsVersion = 9.3.1;
						LastSwiftMigration = 1000;
					};
					FDC2F37520B2D75600372E08 = {
						CreatedOnToolsVersion = 9.3.1;
						LastSwiftMigration = 1000;
						TestTargetID = FDC2F36120B2D75400372E08;
					};
					FDC2F38020B2D75600372E08 = {
						CreatedOnToolsVersion = 9.3.1;
						LastSwiftMigration = 1000;
						TestTargetID = FDC2F36120B2D75400372E08;
					};
				};
			};
			buildConfigurationList = FDC2F35D20B2D75400372E08 /* Build configuration list for PBXProject "Trackr" */;
			compatibilityVersion = "Xcode 9.3";
			developmentRegion = en;
			hasScannedForEncodings = 0;
			knownRegions = (
				en,
				Base,
			);
			mainGroup = FDC2F35920B2D75400372E08;
			productRefGroup = FDC2F36320B2D75400372E08 /* Products */;
			projectDirPath = "";
			projectRoot = "";
			targets = (
				FDC2F36120B2D75400372E08 /* Trackr */,
				FDC2F37520B2D75600372E08 /* TrackrTests */,
				FDC2F38020B2D75600372E08 /* TrackrUITests */,
			);
		};
/* End PBXProject section */

/* Begin PBXResourcesBuildPhase section */
		FDC2F36020B2D75400372E08 /* Resources */ = {
			isa = PBXResourcesBuildPhase;
			buildActionMask = 2147483647;
			files = (
				FDC2F37020B2D75600372E08 /* LaunchScreen.storyboard in Resources */,
				FDC2F36D20B2D75600372E08 /* Assets.xcassets in Resources */,
				FDC2F36B20B2D75400372E08 /* Main.storyboard in Resources */,
			);
			runOnlyForDeploymentPostprocessing = 0;
		};
		FDC2F37420B2D75600372E08 /* Resources */ = {
			isa = PBXResourcesBuildPhase;
			buildActionMask = 2147483647;
			files = (
			);
			runOnlyForDeploymentPostprocessing = 0;
		};
		FDC2F37F20B2D75600372E08 /* Resources */ = {
			isa = PBXResourcesBuildPhase;
			buildActionMask = 2147483647;
			files = (
			);
			runOnlyForDeploymentPostprocessing = 0;
		};
/* End PBXResourcesBuildPhase section */

/* Begin PBXShellScriptBuildPhase section */
		FDC2F39820B2E55600372E08 /* Carthage: Copy Frameworks */ = {
			isa = PBXShellScriptBuildPhase;
			buildActionMask = 2147483647;
			files = (
			);
			inputPaths = (
				"$(SRCROOT)/Carthage/Build/iOS/SQLite.framework",
				"$(SRCROOT)/Carthage/Build/iOS/Overture.framework",
			);
			name = "Carthage: Copy Frameworks";
			outputPaths = (
				"$(BUILT_PRODUCTS_DIR)/$(FRAMEWORKS_FOLDER_PATH)/SQLite.framework",
				"$(BUILT_PRODUCTS_DIR)/$(FRAMEWORKS_FOLDER_PATH)/Overture.framework",
			);
			runOnlyForDeploymentPostprocessing = 0;
			shellPath = /bin/sh;
			shellScript = "/usr/local/bin/carthage copy-frameworks\n";
		};
		FDC2F39920B2E64600372E08 /* Run Script: SwiftFormat */ = {
			isa = PBXShellScriptBuildPhase;
			buildActionMask = 2147483647;
			files = (
			);
			inputPaths = (
			);
			name = "Run Script: SwiftFormat";
			outputPaths = (
			);
			runOnlyForDeploymentPostprocessing = 0;
			shellPath = /bin/sh;
			shellScript = "$SRCROOT/scripts/run_swiftformat.sh $SRCROOT";
		};
/* End PBXShellScriptBuildPhase section */

/* Begin PBXSourcesBuildPhase section */
		FDC2F35E20B2D75400372E08 /* Sources */ = {
			isa = PBXSourcesBuildPhase;
			buildActionMask = 2147483647;
			files = (
				FD8212B220BD893300AB9A72 /* Notifications.swift in Sources */,
				FDC2F36820B2D75400372E08 /* ListViewController.swift in Sources */,
				FDCADB4120BD6D0200694372 /* GenericFunc.swift in Sources */,
				FDC2F39B20B2EAD900372E08 /* SQLite.swift in Sources */,
				FDD4569B20B9F69D00D47D6F /* UserDefaults.swift in Sources */,
				FDC2F39F20B3028900372E08 /* LocationManager.swift in Sources */,
				FDC2F39D20B2F0A100372E08 /* Location.swift in Sources */,
				FDC2F36620B2D75400372E08 /* AppDelegate.swift in Sources */,
				FDFA8B8820BFCCA600F45F55 /* Operators.swift in Sources */,
			);
			runOnlyForDeploymentPostprocessing = 0;
		};
		FDC2F37220B2D75600372E08 /* Sources */ = {
			isa = PBXSourcesBuildPhase;
			buildActionMask = 2147483647;
			files = (
				FDC2F37B20B2D75600372E08 /* TrackrTests.swift in Sources */,
			);
			runOnlyForDeploymentPostprocessing = 0;
		};
		FDC2F37D20B2D75600372E08 /* Sources */ = {
			isa = PBXSourcesBuildPhase;
			buildActionMask = 2147483647;
			files = (
				FDC2F38620B2D75600372E08 /* TrackrUITests.swift in Sources */,
			);
			runOnlyForDeploymentPostprocessing = 0;
		};
/* End PBXSourcesBuildPhase section */

/* Begin PBXTargetDependency section */
		FDC2F37820B2D75600372E08 /* PBXTargetDependency */ = {
			isa = PBXTargetDependency;
			target = FDC2F36120B2D75400372E08 /* Trackr */;
			targetProxy = FDC2F37720B2D75600372E08 /* PBXContainerItemProxy */;
		};
		FDC2F38320B2D75600372E08 /* PBXTargetDependency */ = {
			isa = PBXTargetDependency;
			target = FDC2F36120B2D75400372E08 /* Trackr */;
			targetProxy = FDC2F38220B2D75600372E08 /* PBXContainerItemProxy */;
		};
/* End PBXTargetDependency section */

/* Begin PBXVariantGroup section */
		FDC2F36920B2D75400372E08 /* Main.storyboard */ = {
			isa = PBXVariantGroup;
			children = (
				FDC2F36A20B2D75400372E08 /* Base */,
			);
			name = Main.storyboard;
			sourceTree = "<group>";
		};
		FDC2F36E20B2D75600372E08 /* LaunchScreen.storyboard */ = {
			isa = PBXVariantGroup;
			children = (
				FDC2F36F20B2D75600372E08 /* Base */,
			);
			name = LaunchScreen.storyboard;
			sourceTree = "<group>";
		};
/* End PBXVariantGroup section */

/* Begin XCBuildConfiguration section */
		FDC2F38820B2D75600372E08 /* Debug */ = {
			isa = XCBuildConfiguration;
			buildSettings = {
				ALWAYS_SEARCH_USER_PATHS = NO;
				CLANG_ANALYZER_NONNULL = YES;
				CLANG_ANALYZER_NUMBER_OBJECT_CONVERSION = YES_AGGRESSIVE;
				CLANG_CXX_LANGUAGE_STANDARD = "gnu++14";
				CLANG_CXX_LIBRARY = "libc++";
				CLANG_ENABLE_MODULES = YES;
				CLANG_ENABLE_OBJC_ARC = YES;
				CLANG_ENABLE_OBJC_WEAK = YES;
				CLANG_WARN_BLOCK_CAPTURE_AUTORELEASING = YES;
				CLANG_WARN_BOOL_CONVERSION = YES;
				CLANG_WARN_COMMA = YES;
				CLANG_WARN_CONSTANT_CONVERSION = YES;
				CLANG_WARN_DEPRECATED_OBJC_IMPLEMENTATIONS = YES;
				CLANG_WARN_DIRECT_OBJC_ISA_USAGE = YES_ERROR;
				CLANG_WARN_DOCUMENTATION_COMMENTS = YES;
				CLANG_WARN_EMPTY_BODY = YES;
				CLANG_WARN_ENUM_CONVERSION = YES;
				CLANG_WARN_INFINITE_RECURSION = YES;
				CLANG_WARN_INT_CONVERSION = YES;
				CLANG_WARN_NON_LITERAL_NULL_CONVERSION = YES;
				CLANG_WARN_OBJC_IMPLICIT_RETAIN_SELF = YES;
				CLANG_WARN_OBJC_LITERAL_CONVERSION = YES;
				CLANG_WARN_OBJC_ROOT_CLASS = YES_ERROR;
				CLANG_WARN_RANGE_LOOP_ANALYSIS = YES;
				CLANG_WARN_STRICT_PROTOTYPES = YES;
				CLANG_WARN_SUSPICIOUS_MOVE = YES;
				CLANG_WARN_UNGUARDED_AVAILABILITY = YES_AGGRESSIVE;
				CLANG_WARN_UNREACHABLE_CODE = YES;
				CLANG_WARN__DUPLICATE_METHOD_MATCH = YES;
				CODE_SIGN_IDENTITY = "iPhone Developer";
				COPY_PHASE_STRIP = NO;
				DEBUG_INFORMATION_FORMAT = dwarf;
				ENABLE_STRICT_OBJC_MSGSEND = YES;
				ENABLE_TESTABILITY = YES;
				GCC_C_LANGUAGE_STANDARD = gnu11;
				GCC_DYNAMIC_NO_PIC = NO;
				GCC_NO_COMMON_BLOCKS = YES;
				GCC_OPTIMIZATION_LEVEL = 0;
				GCC_PREPROCESSOR_DEFINITIONS = (
					"DEBUG=1",
					"$(inherited)",
				);
				GCC_WARN_64_TO_32_BIT_CONVERSION = YES;
				GCC_WARN_ABOUT_RETURN_TYPE = YES_ERROR;
				GCC_WARN_UNDECLARED_SELECTOR = YES;
				GCC_WARN_UNINITIALIZED_AUTOS = YES_AGGRESSIVE;
				GCC_WARN_UNUSED_FUNCTION = YES;
				GCC_WARN_UNUSED_VARIABLE = YES;
				IPHONEOS_DEPLOYMENT_TARGET = 11.3;
				MTL_ENABLE_DEBUG_INFO = YES;
				ONLY_ACTIVE_ARCH = YES;
				SDKROOT = iphoneos;
				SWIFT_ACTIVE_COMPILATION_CONDITIONS = DEBUG;
				SWIFT_OPTIMIZATION_LEVEL = "-Onone";
			};
			name = Debug;
		};
		FDC2F38920B2D75600372E08 /* Release */ = {
			isa = XCBuildConfiguration;
			buildSettings = {
				ALWAYS_SEARCH_USER_PATHS = NO;
				CLANG_ANALYZER_NONNULL = YES;
				CLANG_ANALYZER_NUMBER_OBJECT_CONVERSION = YES_AGGRESSIVE;
				CLANG_CXX_LANGUAGE_STANDARD = "gnu++14";
				CLANG_CXX_LIBRARY = "libc++";
				CLANG_ENABLE_MODULES = YES;
				CLANG_ENABLE_OBJC_ARC = YES;
				CLANG_ENABLE_OBJC_WEAK = YES;
				CLANG_WARN_BLOCK_CAPTURE_AUTORELEASING = YES;
				CLANG_WARN_BOOL_CONVERSION = YES;
				CLANG_WARN_COMMA = YES;
				CLANG_WARN_CONSTANT_CONVERSION = YES;
				CLANG_WARN_DEPRECATED_OBJC_IMPLEMENTATIONS = YES;
				CLANG_WARN_DIRECT_OBJC_ISA_USAGE = YES_ERROR;
				CLANG_WARN_DOCUMENTATION_COMMENTS = YES;
				CLANG_WARN_EMPTY_BODY = YES;
				CLANG_WARN_ENUM_CONVERSION = YES;
				CLANG_WARN_INFINITE_RECURSION = YES;
				CLANG_WARN_INT_CONVERSION = YES;
				CLANG_WARN_NON_LITERAL_NULL_CONVERSION = YES;
				CLANG_WARN_OBJC_IMPLICIT_RETAIN_SELF = YES;
				CLANG_WARN_OBJC_LITERAL_CONVERSION = YES;
				CLANG_WARN_OBJC_ROOT_CLASS = YES_ERROR;
				CLANG_WARN_RANGE_LOOP_ANALYSIS = YES;
				CLANG_WARN_STRICT_PROTOTYPES = YES;
				CLANG_WARN_SUSPICIOUS_MOVE = YES;
				CLANG_WARN_UNGUARDED_AVAILABILITY = YES_AGGRESSIVE;
				CLANG_WARN_UNREACHABLE_CODE = YES;
				CLANG_WARN__DUPLICATE_METHOD_MATCH = YES;
				CODE_SIGN_IDENTITY = "iPhone Developer";
				COPY_PHASE_STRIP = NO;
				DEBUG_INFORMATION_FORMAT = "dwarf-with-dsym";
				ENABLE_NS_ASSERTIONS = NO;
				ENABLE_STRICT_OBJC_MSGSEND = YES;
				GCC_C_LANGUAGE_STANDARD = gnu11;
				GCC_NO_COMMON_BLOCKS = YES;
				GCC_WARN_64_TO_32_BIT_CONVERSION = YES;
				GCC_WARN_ABOUT_RETURN_TYPE = YES_ERROR;
				GCC_WARN_UNDECLARED_SELECTOR = YES;
				GCC_WARN_UNINITIALIZED_AUTOS = YES_AGGRESSIVE;
				GCC_WARN_UNUSED_FUNCTION = YES;
				GCC_WARN_UNUSED_VARIABLE = YES;
				IPHONEOS_DEPLOYMENT_TARGET = 11.3;
				MTL_ENABLE_DEBUG_INFO = NO;
				SDKROOT = iphoneos;
				SWIFT_COMPILATION_MODE = wholemodule;
				SWIFT_OPTIMIZATION_LEVEL = "-O";
				VALIDATE_PRODUCT = YES;
			};
			name = Release;
		};
		FDC2F38B20B2D75600372E08 /* Debug */ = {
			isa = XCBuildConfiguration;
			buildSettings = {
				ASSETCATALOG_COMPILER_APPICON_NAME = AppIcon;
				CODE_SIGN_STYLE = Automatic;
				DEVELOPMENT_TEAM = 6N9Z26P656;
				FRAMEWORK_SEARCH_PATHS = (
					"$(inherited)",
					"$(PROJECT_DIR)/Carthage/Build/iOS",
				);
				INFOPLIST_FILE = Trackr/Info.plist;
				LD_RUNPATH_SEARCH_PATHS = (
					"$(inherited)",
					"@executable_path/Frameworks",
				);
				PRODUCT_BUNDLE_IDENTIFIER = de.jandamm.Trackr;
				PRODUCT_NAME = "$(TARGET_NAME)";
				SWIFT_VERSION = 4.2;
				TARGETED_DEVICE_FAMILY = "1,2";
			};
			name = Debug;
		};
		FDC2F38C20B2D75600372E08 /* Release */ = {
			isa = XCBuildConfiguration;
			buildSettings = {
				ASSETCATALOG_COMPILER_APPICON_NAME = AppIcon;
				CODE_SIGN_STYLE = Automatic;
				DEVELOPMENT_TEAM = 6N9Z26P656;
				FRAMEWORK_SEARCH_PATHS = (
					"$(inherited)",
					"$(PROJECT_DIR)/Carthage/Build/iOS",
				);
				INFOPLIST_FILE = Trackr/Info.plist;
				LD_RUNPATH_SEARCH_PATHS = (
					"$(inherited)",
					"@executable_path/Frameworks",
				);
				PRODUCT_BUNDLE_IDENTIFIER = de.jandamm.Trackr;
				PRODUCT_NAME = "$(TARGET_NAME)";
				SWIFT_VERSION = 4.2;
				TARGETED_DEVICE_FAMILY = "1,2";
			};
			name = Release;
		};
		FDC2F38E20B2D75600372E08 /* Debug */ = {
			isa = XCBuildConfiguration;
			buildSettings = {
				ALWAYS_EMBED_SWIFT_STANDARD_LIBRARIES = YES;
				BUNDLE_LOADER = "$(TEST_HOST)";
				CODE_SIGN_STYLE = Automatic;
				DEVELOPMENT_TEAM = 6N9Z26P656;
				INFOPLIST_FILE = TrackrTests/Info.plist;
				LD_RUNPATH_SEARCH_PATHS = (
					"$(inherited)",
					"@executable_path/Frameworks",
					"@loader_path/Frameworks",
				);
				PRODUCT_BUNDLE_IDENTIFIER = de.jandamm.TrackrTests;
				PRODUCT_NAME = "$(TARGET_NAME)";
				SWIFT_VERSION = 4.2;
				TARGETED_DEVICE_FAMILY = "1,2";
				TEST_HOST = "$(BUILT_PRODUCTS_DIR)/Trackr.app/Trackr";
			};
			name = Debug;
		};
		FDC2F38F20B2D75600372E08 /* Release */ = {
			isa = XCBuildConfiguration;
			buildSettings = {
				ALWAYS_EMBED_SWIFT_STANDARD_LIBRARIES = YES;
				BUNDLE_LOADER = "$(TEST_HOST)";
				CODE_SIGN_STYLE = Automatic;
				DEVELOPMENT_TEAM = 6N9Z26P656;
				INFOPLIST_FILE = TrackrTests/Info.plist;
				LD_RUNPATH_SEARCH_PATHS = (
					"$(inherited)",
					"@executable_path/Frameworks",
					"@loader_path/Frameworks",
				);
				PRODUCT_BUNDLE_IDENTIFIER = de.jandamm.TrackrTests;
				PRODUCT_NAME = "$(TARGET_NAME)";
				SWIFT_VERSION = 4.2;
				TARGETED_DEVICE_FAMILY = "1,2";
				TEST_HOST = "$(BUILT_PRODUCTS_DIR)/Trackr.app/Trackr";
			};
			name = Release;
		};
		FDC2F39120B2D75600372E08 /* Debug */ = {
			isa = XCBuildConfiguration;
			buildSettings = {
				ALWAYS_EMBED_SWIFT_STANDARD_LIBRARIES = YES;
				CODE_SIGN_STYLE = Automatic;
				DEVELOPMENT_TEAM = 6N9Z26P656;
				INFOPLIST_FILE = TrackrUITests/Info.plist;
				LD_RUNPATH_SEARCH_PATHS = (
					"$(inherited)",
					"@executable_path/Frameworks",
					"@loader_path/Frameworks",
				);
				PRODUCT_BUNDLE_IDENTIFIER = de.jandamm.TrackrUITests;
				PRODUCT_NAME = "$(TARGET_NAME)";
				SWIFT_VERSION = 4.2;
				TARGETED_DEVICE_FAMILY = "1,2";
				TEST_TARGET_NAME = Trackr;
			};
			name = Debug;
		};
		FDC2F39220B2D75600372E08 /* Release */ = {
			isa = XCBuildConfiguration;
			buildSettings = {
				ALWAYS_EMBED_SWIFT_STANDARD_LIBRARIES = YES;
				CODE_SIGN_STYLE = Automatic;
				DEVELOPMENT_TEAM = 6N9Z26P656;
				INFOPLIST_FILE = TrackrUITests/Info.plist;
				LD_RUNPATH_SEARCH_PATHS = (
					"$(inherited)",
					"@executable_path/Frameworks",
					"@loader_path/Frameworks",
				);
				PRODUCT_BUNDLE_IDENTIFIER = de.jandamm.TrackrUITests;
				PRODUCT_NAME = "$(TARGET_NAME)";
				SWIFT_VERSION = 4.2;
				TARGETED_DEVICE_FAMILY = "1,2";
				TEST_TARGET_NAME = Trackr;
			};
			name = Release;
		};
/* End XCBuildConfiguration section */

/* Begin XCConfigurationList section */
		FDC2F35D20B2D75400372E08 /* Build configuration list for PBXProject "Trackr" */ = {
			isa = XCConfigurationList;
			buildConfigurations = (
				FDC2F38820B2D75600372E08 /* Debug */,
				FDC2F38920B2D75600372E08 /* Release */,
			);
			defaultConfigurationIsVisible = 0;
			defaultConfigurationName = Release;
		};
		FDC2F38A20B2D75600372E08 /* Build configuration list for PBXNativeTarget "Trackr" */ = {
			isa = XCConfigurationList;
			buildConfigurations = (
				FDC2F38B20B2D75600372E08 /* Debug */,
				FDC2F38C20B2D75600372E08 /* Release */,
			);
			defaultConfigurationIsVisible = 0;
			defaultConfigurationName = Release;
		};
		FDC2F38D20B2D75600372E08 /* Build configuration list for PBXNativeTarget "TrackrTests" */ = {
			isa = XCConfigurationList;
			buildConfigurations = (
				FDC2F38E20B2D75600372E08 /* Debug */,
				FDC2F38F20B2D75600372E08 /* Release */,
			);
			defaultConfigurationIsVisible = 0;
			defaultConfigurationName = Release;
		};
		FDC2F39020B2D75600372E08 /* Build configuration list for PBXNativeTarget "TrackrUITests" */ = {
			isa = XCConfigurationList;
			buildConfigurations = (
				FDC2F39120B2D75600372E08 /* Debug */,
				FDC2F39220B2D75600372E08 /* Release */,
			);
			defaultConfigurationIsVisible = 0;
			defaultConfigurationName = Release;
		};
/* End XCConfigurationList section */
	};
	rootObject = FDC2F35A20B2D75400372E08 /* Project object */;
}
